
Microsoft Visual Studio Solution File, Format Version 12.00
# Visual Studio Version 17
VisualStudioVersion = 17.7.34221.43
MinimumVisualStudioVersion = 10.0.40219.1
Project("{FAE04EC0-301F-11D3-BF4B-00C04F79EFBC}") = "Stage0", "Stage0\Stage0.csproj", "{8376554E-E8BA-4EAA-978E-078B3A43E854}"
EndProject
Global
	GlobalSection(SolutionConfigurationPlatforms) = preSolution
		Debug|Any CPU = Debug|Any CPU
		Release|Any CPU = Release|Any CPU
	EndGlobalSection
	GlobalSection(ProjectConfigurationPlatforms) = postSolution
		{8376554E-E8BA-4EAA-978E-078B3A43E854}.Debug|Any CPU.ActiveCfg = Debug|Any CPU
		{8376554E-E8BA-4EAA-978E-078B3A43E854}.Debug|Any CPU.Build.0 = Debug|Any CPU
		{8376554E-E8BA-4EAA-978E-078B3A43E854}.Release|Any CPU.ActiveCfg = Release|Any CPU
		{8376554E-E8BA-4EAA-978E-078B3A43E854}.Release|Any CPU.Build.0 = Release|Any CPU
	EndGlobalSection
	GlobalSection(SolutionProperties) = preSolution
		HideSolutionNode = FALSE
	EndGlobalSection
	GlobalSection(ExtensibilityGlobals) = postSolution
		SolutionGuid = {C0540BDA-BE3A-466F-AAD2-4884AC06AA03}
	EndGlobalSection
EndGlobal
